// !$*UTF8*$!
{
	archiveVersion = 1;
	classes = {
	};
	objectVersion = 56;
	objects = {

/* Begin PBXBuildFile section */
		38132266299D42A800B9C071 /* Alert.swift in Sources */ = {isa = PBXBuildFile; fileRef = 38132265299D42A800B9C071 /* Alert.swift */; };
		38132269299D4B2C00B9C071 /* ResultVC.swift in Sources */ = {isa = PBXBuildFile; fileRef = 38132268299D4B2C00B9C071 /* ResultVC.swift */; };
		3813226B299D4B5400B9C071 /* ResultScreen.swift in Sources */ = {isa = PBXBuildFile; fileRef = 3813226A299D4B5400B9C071 /* ResultScreen.swift */; };
		38458D0929A144C4005E804B /* UITextField+Extension.swift in Sources */ = {isa = PBXBuildFile; fileRef = 38458D0829A144C4005E804B /* UITextField+Extension.swift */; };
		38458D0B29A147B2005E804B /* UIViewController+Extension.swift in Sources */ = {isa = PBXBuildFile; fileRef = 38458D0A29A147B2005E804B /* UIViewController+Extension.swift */; };
		38D81B3E299C080C00D1741A /* AppDelegate.swift in Sources */ = {isa = PBXBuildFile; fileRef = 38D81B3D299C080C00D1741A /* AppDelegate.swift */; };
		38D81B40299C080C00D1741A /* SceneDelegate.swift in Sources */ = {isa = PBXBuildFile; fileRef = 38D81B3F299C080C00D1741A /* SceneDelegate.swift */; };
		38D81B42299C080C00D1741A /* HomeVC.swift in Sources */ = {isa = PBXBuildFile; fileRef = 38D81B41299C080C00D1741A /* HomeVC.swift */; };
		38D81B47299C080E00D1741A /* Assets.xcassets in Resources */ = {isa = PBXBuildFile; fileRef = 38D81B46299C080E00D1741A /* Assets.xcassets */; };
		38D81B4A299C080E00D1741A /* LaunchScreen.storyboard in Resources */ = {isa = PBXBuildFile; fileRef = 38D81B48299C080E00D1741A /* LaunchScreen.storyboard */; };
		38D81B55299C0AFE00D1741A /* HomeScreen.swift in Sources */ = {isa = PBXBuildFile; fileRef = 38D81B54299C0AFE00D1741A /* HomeScreen.swift */; };
		38D81B75299C41F600D1741A /* CalculatorVC.swift in Sources */ = {isa = PBXBuildFile; fileRef = 38D81B74299C41F600D1741A /* CalculatorVC.swift */; };
		38D81B77299C42EC00D1741A /* CalculatorScreen.swift in Sources */ = {isa = PBXBuildFile; fileRef = 38D81B76299C42EC00D1741A /* CalculatorScreen.swift */; };
		943B7F77387E88F56E6511E6 /* Pods_AppAlcool_Gasolina.framework in Frameworks */ = {isa = PBXBuildFile; fileRef = 3192EE88FCC0AA3DA4C86824 /* Pods_AppAlcool_Gasolina.framework */; };
/* End PBXBuildFile section */

/* Begin PBXFileReference section */
		3192EE88FCC0AA3DA4C86824 /* Pods_AppAlcool_Gasolina.framework */ = {isa = PBXFileReference; explicitFileType = wrapper.framework; includeInIndex = 0; path = Pods_AppAlcool_Gasolina.framework; sourceTree = BUILT_PRODUCTS_DIR; };
		38132265299D42A800B9C071 /* Alert.swift */ = {isa = PBXFileReference; lastKnownFileType = sourcecode.swift; path = Alert.swift; sourceTree = "<group>"; };
		38132268299D4B2C00B9C071 /* ResultVC.swift */ = {isa = PBXFileReference; lastKnownFileType = sourcecode.swift; path = ResultVC.swift; sourceTree = "<group>"; };
		3813226A299D4B5400B9C071 /* ResultScreen.swift */ = {isa = PBXFileReference; lastKnownFileType = sourcecode.swift; path = ResultScreen.swift; sourceTree = "<group>"; };
		38458D0829A144C4005E804B /* UITextField+Extension.swift */ = {isa = PBXFileReference; lastKnownFileType = sourcecode.swift; path = "UITextField+Extension.swift"; sourceTree = "<group>"; };
		38458D0A29A147B2005E804B /* UIViewController+Extension.swift */ = {isa = PBXFileReference; lastKnownFileType = sourcecode.swift; path = "UIViewController+Extension.swift"; sourceTree = "<group>"; };
		38D81B3A299C080C00D1741A /* AppAlcool-Gasolina.app */ = {isa = PBXFileReference; explicitFileType = wrapper.application; includeInIndex = 0; path = "AppAlcool-Gasolina.app"; sourceTree = BUILT_PRODUCTS_DIR; };
		38D81B3D299C080C00D1741A /* AppDelegate.swift */ = {isa = PBXFileReference; lastKnownFileType = sourcecode.swift; path = AppDelegate.swift; sourceTree = "<group>"; };
		38D81B3F299C080C00D1741A /* SceneDelegate.swift */ = {isa = PBXFileReference; lastKnownFileType = sourcecode.swift; path = SceneDelegate.swift; sourceTree = "<group>"; };
		38D81B41299C080C00D1741A /* HomeVC.swift */ = {isa = PBXFileReference; lastKnownFileType = sourcecode.swift; path = HomeVC.swift; sourceTree = "<group>"; };
		38D81B46299C080E00D1741A /* Assets.xcassets */ = {isa = PBXFileReference; lastKnownFileType = folder.assetcatalog; path = Assets.xcassets; sourceTree = "<group>"; };
		38D81B49299C080E00D1741A /* Base */ = {isa = PBXFileReference; lastKnownFileType = file.storyboard; name = Base; path = Base.lproj/LaunchScreen.storyboard; sourceTree = "<group>"; };
		38D81B4B299C080E00D1741A /* Info.plist */ = {isa = PBXFileReference; lastKnownFileType = text.plist.xml; path = Info.plist; sourceTree = "<group>"; };
		38D81B54299C0AFE00D1741A /* HomeScreen.swift */ = {isa = PBXFileReference; lastKnownFileType = sourcecode.swift; path = HomeScreen.swift; sourceTree = "<group>"; };
		38D81B74299C41F600D1741A /* CalculatorVC.swift */ = {isa = PBXFileReference; lastKnownFileType = sourcecode.swift; path = CalculatorVC.swift; sourceTree = "<group>"; };
		38D81B76299C42EC00D1741A /* CalculatorScreen.swift */ = {isa = PBXFileReference; lastKnownFileType = sourcecode.swift; path = CalculatorScreen.swift; sourceTree = "<group>"; };
		B1FC64C8BDF0381FCADE2C7C /* Pods-AppAlcool-Gasolina.debug.xcconfig */ = {isa = PBXFileReference; includeInIndex = 1; lastKnownFileType = text.xcconfig; name = "Pods-AppAlcool-Gasolina.debug.xcconfig"; path = "Target Support Files/Pods-AppAlcool-Gasolina/Pods-AppAlcool-Gasolina.debug.xcconfig"; sourceTree = "<group>"; };
		CF10B350AD90D38B1FACC2D0 /* Pods-AppAlcool-Gasolina.release.xcconfig */ = {isa = PBXFileReference; includeInIndex = 1; lastKnownFileType = text.xcconfig; name = "Pods-AppAlcool-Gasolina.release.xcconfig"; path = "Target Support Files/Pods-AppAlcool-Gasolina/Pods-AppAlcool-Gasolina.release.xcconfig"; sourceTree = "<group>"; };
/* End PBXFileReference section */

/* Begin PBXFrameworksBuildPhase section */
		38D81B37299C080C00D1741A /* Frameworks */ = {
			isa = PBXFrameworksBuildPhase;
			buildActionMask = 2147483647;
			files = (
				943B7F77387E88F56E6511E6 /* Pods_AppAlcool_Gasolina.framework in Frameworks */,
			);
			runOnlyForDeploymentPostprocessing = 0;
		};
/* End PBXFrameworksBuildPhase section */

/* Begin PBXGroup section */
		38132264299D429200B9C071 /* Alert */ = {
			isa = PBXGroup;
			children = (
				38132265299D42A800B9C071 /* Alert.swift */,
			);
			path = Alert;
			sourceTree = "<group>";
		};
		38132267299D4B1500B9C071 /* Result */ = {
			isa = PBXGroup;
			children = (
				38132268299D4B2C00B9C071 /* ResultVC.swift */,
				3813226A299D4B5400B9C071 /* ResultScreen.swift */,
			);
			path = Result;
			sourceTree = "<group>";
		};
		38458D0729A144A3005E804B /* Extension */ = {
			isa = PBXGroup;
			children = (
				38458D0829A144C4005E804B /* UITextField+Extension.swift */,
				38458D0A29A147B2005E804B /* UIViewController+Extension.swift */,
			);
			path = Extension;
			sourceTree = "<group>";
		};
		38D81B31299C080C00D1741A = {
			isa = PBXGroup;
			children = (
				38D81B3C299C080C00D1741A /* AppAlcool-Gasolina */,
				38D81B3B299C080C00D1741A /* Products */,
				50AA4F102A2872E184E2CC57 /* Pods */,
				FDA27C56A9F8BA461F651B4C /* Frameworks */,
			);
			sourceTree = "<group>";
		};
		38D81B3B299C080C00D1741A /* Products */ = {
			isa = PBXGroup;
			children = (
				38D81B3A299C080C00D1741A /* AppAlcool-Gasolina.app */,
			);
			name = Products;
			sourceTree = "<group>";
		};
		38D81B3C299C080C00D1741A /* AppAlcool-Gasolina */ = {
			isa = PBXGroup;
			children = (
				38458D0729A144A3005E804B /* Extension */,
				38D81B3D299C080C00D1741A /* AppDelegate.swift */,
				38D81B3F299C080C00D1741A /* SceneDelegate.swift */,
				38D81B78299C4C9100D1741A /* src */,
				38D81B46299C080E00D1741A /* Assets.xcassets */,
				38D81B48299C080E00D1741A /* LaunchScreen.storyboard */,
				38D81B4B299C080E00D1741A /* Info.plist */,
			);
			path = "AppAlcool-Gasolina";
			sourceTree = "<group>";
		};
		38D81B51299C0A9A00D1741A /* Home */ = {
			isa = PBXGroup;
			children = (
				38D81B54299C0AFE00D1741A /* HomeScreen.swift */,
				38D81B41299C080C00D1741A /* HomeVC.swift */,
			);
			path = Home;
			sourceTree = "<group>";
		};
		38D81B73299C41D700D1741A /* Calculator */ = {
			isa = PBXGroup;
			children = (
				38D81B74299C41F600D1741A /* CalculatorVC.swift */,
				38D81B76299C42EC00D1741A /* CalculatorScreen.swift */,
			);
			path = Calculator;
			sourceTree = "<group>";
		};
		38D81B78299C4C9100D1741A /* src */ = {
			isa = PBXGroup;
			children = (
				38132267299D4B1500B9C071 /* Result */,
				38132264299D429200B9C071 /* Alert */,
				38D81B73299C41D700D1741A /* Calculator */,
				38D81B51299C0A9A00D1741A /* Home */,
			);
			path = src;
			sourceTree = "<group>";
		};
		50AA4F102A2872E184E2CC57 /* Pods */ = {
			isa = PBXGroup;
			children = (
				B1FC64C8BDF0381FCADE2C7C /* Pods-AppAlcool-Gasolina.debug.xcconfig */,
				CF10B350AD90D38B1FACC2D0 /* Pods-AppAlcool-Gasolina.release.xcconfig */,
			);
			name = Pods;
			path = Pods;
			sourceTree = "<group>";
		};
		FDA27C56A9F8BA461F651B4C /* Frameworks */ = {
			isa = PBXGroup;
			children = (
				3192EE88FCC0AA3DA4C86824 /* Pods_AppAlcool_Gasolina.framework */,
			);
			name = Frameworks;
			sourceTree = "<group>";
		};
/* End PBXGroup section */

/* Begin PBXNativeTarget section */
		38D81B39299C080C00D1741A /* AppAlcool-Gasolina */ = {
			isa = PBXNativeTarget;
			buildConfigurationList = 38D81B4E299C080E00D1741A /* Build configuration list for PBXNativeTarget "AppAlcool-Gasolina" */;
			buildPhases = (
				1C41915631BCFFDBDC32ED87 /* [CP] Check Pods Manifest.lock */,
				38D81B36299C080C00D1741A /* Sources */,
				38D81B37299C080C00D1741A /* Frameworks */,
				38D81B38299C080C00D1741A /* Resources */,
				11C279C6BF3EEFDF4D85B7CA /* [CP] Embed Pods Frameworks */,
			);
			buildRules = (
			);
			dependencies = (
			);
			name = "AppAlcool-Gasolina";
			productName = "AppAlcool-Gasolina";
			productReference = 38D81B3A299C080C00D1741A /* AppAlcool-Gasolina.app */;
			productType = "com.apple.product-type.application";
		};
/* End PBXNativeTarget section */

/* Begin PBXProject section */
		38D81B32299C080C00D1741A /* Project object */ = {
			isa = PBXProject;
			attributes = {
				BuildIndependentTargetsInParallel = 1;
				LastSwiftUpdateCheck = 1420;
				LastUpgradeCheck = 1420;
				TargetAttributes = {
					38D81B39299C080C00D1741A = {
						CreatedOnToolsVersion = 14.2;
					};
				};
			};
			buildConfigurationList = 38D81B35299C080C00D1741A /* Build configuration list for PBXProject "AppAlcool-Gasolina" */;
			compatibilityVersion = "Xcode 14.0";
			developmentRegion = en;
			hasScannedForEncodings = 0;
			knownRegions = (
				en,
				Base,
			);
			mainGroup = 38D81B31299C080C00D1741A;
			productRefGroup = 38D81B3B299C080C00D1741A /* Products */;
			projectDirPath = "";
			projectRoot = "";
			targets = (
				38D81B39299C080C00D1741A /* AppAlcool-Gasolina */,
			);
		};
/* End PBXProject section */

/* Begin PBXResourcesBuildPhase section */
		38D81B38299C080C00D1741A /* Resources */ = {
			isa = PBXResourcesBuildPhase;
			buildActionMask = 2147483647;
			files = (
				38D81B4A299C080E00D1741A /* LaunchScreen.storyboard in Resources */,
				38D81B47299C080E00D1741A /* Assets.xcassets in Resources */,
			);
			runOnlyForDeploymentPostprocessing = 0;
		};
/* End PBXResourcesBuildPhase section */

/* Begin PBXShellScriptBuildPhase section */
		11C279C6BF3EEFDF4D85B7CA /* [CP] Embed Pods Frameworks */ = {
			isa = PBXShellScriptBuildPhase;
			buildActionMask = 2147483647;
			files = (
			);
			inputFileListPaths = (
				"${PODS_ROOT}/Target Support Files/Pods-AppAlcool-Gasolina/Pods-AppAlcool-Gasolina-frameworks-${CONFIGURATION}-input-files.xcfilelist",
			);
			name = "[CP] Embed Pods Frameworks";
			outputFileListPaths = (
				"${PODS_ROOT}/Target Support Files/Pods-AppAlcool-Gasolina/Pods-AppAlcool-Gasolina-frameworks-${CONFIGURATION}-output-files.xcfilelist",
			);
			runOnlyForDeploymentPostprocessing = 0;
			shellPath = /bin/sh;
			shellScript = "\"${PODS_ROOT}/Target Support Files/Pods-AppAlcool-Gasolina/Pods-AppAlcool-Gasolina-frameworks.sh\"\n";
			showEnvVarsInLog = 0;
		};
		1C41915631BCFFDBDC32ED87 /* [CP] Check Pods Manifest.lock */ = {
			isa = PBXShellScriptBuildPhase;
			buildActionMask = 2147483647;
			files = (
			);
			inputFileListPaths = (
			);
			inputPaths = (
				"${PODS_PODFILE_DIR_PATH}/Podfile.lock",
				"${PODS_ROOT}/Manifest.lock",
			);
			name = "[CP] Check Pods Manifest.lock";
			outputFileListPaths = (
			);
			outputPaths = (
				"$(DERIVED_FILE_DIR)/Pods-AppAlcool-Gasolina-checkManifestLockResult.txt",
			);
			runOnlyForDeploymentPostprocessing = 0;
			shellPath = /bin/sh;
			shellScript = "diff \"${PODS_PODFILE_DIR_PATH}/Podfile.lock\" \"${PODS_ROOT}/Manifest.lock\" > /dev/null\nif [ $? != 0 ] ; then\n    # print error to STDERR\n    echo \"error: The sandbox is not in sync with the Podfile.lock. Run 'pod install' or update your CocoaPods installation.\" >&2\n    exit 1\nfi\n# This output is used by Xcode 'outputs' to avoid re-running this script phase.\necho \"SUCCESS\" > \"${SCRIPT_OUTPUT_FILE_0}\"\n";
			showEnvVarsInLog = 0;
		};
/* End PBXShellScriptBuildPhase section */

/* Begin PBXSourcesBuildPhase section */
		38D81B36299C080C00D1741A /* Sources */ = {
			isa = PBXSourcesBuildPhase;
			buildActionMask = 2147483647;
			files = (
				38D81B75299C41F600D1741A /* CalculatorVC.swift in Sources */,
				38458D0B29A147B2005E804B /* UIViewController+Extension.swift in Sources */,
				38132269299D4B2C00B9C071 /* ResultVC.swift in Sources */,
				38D81B55299C0AFE00D1741A /* HomeScreen.swift in Sources */,
				38D81B42299C080C00D1741A /* HomeVC.swift in Sources */,
				3813226B299D4B5400B9C071 /* ResultScreen.swift in Sources */,
				38458D0929A144C4005E804B /* UITextField+Extension.swift in Sources */,
				38D81B3E299C080C00D1741A /* AppDelegate.swift in Sources */,
				38D81B40299C080C00D1741A /* SceneDelegate.swift in Sources */,
				38D81B77299C42EC00D1741A /* CalculatorScreen.swift in Sources */,
				38132266299D42A800B9C071 /* Alert.swift in Sources */,
			);
			runOnlyForDeploymentPostprocessing = 0;
		};
/* End PBXSourcesBuildPhase section */

/* Begin PBXVariantGroup section */
		38D81B48299C080E00D1741A /* LaunchScreen.storyboard */ = {
			isa = PBXVariantGroup;
			children = (
				38D81B49299C080E00D1741A /* Base */,
			);
			name = LaunchScreen.storyboard;
			sourceTree = "<group>";
		};
/* End PBXVariantGroup section */

/* Begin XCBuildConfiguration section */
		38D81B4C299C080E00D1741A /* Debug */ = {
			isa = XCBuildConfiguration;
			buildSettings = {
				ALWAYS_SEARCH_USER_PATHS = NO;
				CLANG_ANALYZER_NONNULL = YES;
				CLANG_ANALYZER_NUMBER_OBJECT_CONVERSION = YES_AGGRESSIVE;
				CLANG_CXX_LANGUAGE_STANDARD = "gnu++20";
				CLANG_ENABLE_MODULES = YES;
				CLANG_ENABLE_OBJC_ARC = YES;
				CLANG_ENABLE_OBJC_WEAK = YES;
				CLANG_WARN_BLOCK_CAPTURE_AUTORELEASING = YES;
				CLANG_WARN_BOOL_CONVERSION = YES;
				CLANG_WARN_COMMA = YES;
				CLANG_WARN_CONSTANT_CONVERSION = YES;
				CLANG_WARN_DEPRECATED_OBJC_IMPLEMENTATIONS = YES;
				CLANG_WARN_DIRECT_OBJC_ISA_USAGE = YES_ERROR;
				CLANG_WARN_DOCUMENTATION_COMMENTS = YES;
				CLANG_WARN_EMPTY_BODY = YES;
				CLANG_WARN_ENUM_CONVERSION = YES;
				CLANG_WARN_INFINITE_RECURSION = YES;
				CLANG_WARN_INT_CONVERSION = YES;
				CLANG_WARN_NON_LITERAL_NULL_CONVERSION = YES;
				CLANG_WARN_OBJC_IMPLICIT_RETAIN_SELF = YES;
				CLANG_WARN_OBJC_LITERAL_CONVERSION = YES;
				CLANG_WARN_OBJC_ROOT_CLASS = YES_ERROR;
				CLANG_WARN_QUOTED_INCLUDE_IN_FRAMEWORK_HEADER = YES;
				CLANG_WARN_RANGE_LOOP_ANALYSIS = YES;
				CLANG_WARN_STRICT_PROTOTYPES = YES;
				CLANG_WARN_SUSPICIOUS_MOVE = YES;
				CLANG_WARN_UNGUARDED_AVAILABILITY = YES_AGGRESSIVE;
				CLANG_WARN_UNREACHABLE_CODE = YES;
				CLANG_WARN__DUPLICATE_METHOD_MATCH = YES;
				COPY_PHASE_STRIP = NO;
				DEBUG_INFORMATION_FORMAT = dwarf;
				ENABLE_STRICT_OBJC_MSGSEND = YES;
				ENABLE_TESTABILITY = YES;
				GCC_C_LANGUAGE_STANDARD = gnu11;
				GCC_DYNAMIC_NO_PIC = NO;
				GCC_NO_COMMON_BLOCKS = YES;
				GCC_OPTIMIZATION_LEVEL = 0;
				GCC_PREPROCESSOR_DEFINITIONS = (
					"DEBUG=1",
					"$(inherited)",
				);
				GCC_WARN_64_TO_32_BIT_CONVERSION = YES;
				GCC_WARN_ABOUT_RETURN_TYPE = YES_ERROR;
				GCC_WARN_UNDECLARED_SELECTOR = YES;
				GCC_WARN_UNINITIALIZED_AUTOS = YES_AGGRESSIVE;
				GCC_WARN_UNUSED_FUNCTION = YES;
				GCC_WARN_UNUSED_VARIABLE = YES;
				IPHONEOS_DEPLOYMENT_TARGET = 16.2;
				MTL_ENABLE_DEBUG_INFO = INCLUDE_SOURCE;
				MTL_FAST_MATH = YES;
				ONLY_ACTIVE_ARCH = YES;
				SDKROOT = iphoneos;
				SWIFT_ACTIVE_COMPILATION_CONDITIONS = DEBUG;
				SWIFT_OPTIMIZATION_LEVEL = "-Onone";
			};
			name = Debug;
		};
		38D81B4D299C080E00D1741A /* Release */ = {
			isa = XCBuildConfiguration;
			buildSettings = {
				ALWAYS_SEARCH_USER_PATHS = NO;
				CLANG_ANALYZER_NONNULL = YES;
				CLANG_ANALYZER_NUMBER_OBJECT_CONVERSION = YES_AGGRESSIVE;
				CLANG_CXX_LANGUAGE_STANDARD = "gnu++20";
				CLANG_ENABLE_MODULES = YES;
				CLANG_ENABLE_OBJC_ARC = YES;
				CLANG_ENABLE_OBJC_WEAK = YES;
				CLANG_WARN_BLOCK_CAPTURE_AUTORELEASING = YES;
				CLANG_WARN_BOOL_CONVERSION = YES;
				CLANG_WARN_COMMA = YES;
				CLANG_WARN_CONSTANT_CONVERSION = YES;
				CLANG_WARN_DEPRECATED_OBJC_IMPLEMENTATIONS = YES;
				CLANG_WARN_DIRECT_OBJC_ISA_USAGE = YES_ERROR;
				CLANG_WARN_DOCUMENTATION_COMMENTS = YES;
				CLANG_WARN_EMPTY_BODY = YES;
				CLANG_WARN_ENUM_CONVERSION = YES;
				CLANG_WARN_INFINITE_RECURSION = YES;
				CLANG_WARN_INT_CONVERSION = YES;
				CLANG_WARN_NON_LITERAL_NULL_CONVERSION = YES;
				CLANG_WARN_OBJC_IMPLICIT_RETAIN_SELF = YES;
				CLANG_WARN_OBJC_LITERAL_CONVERSION = YES;
				CLANG_WARN_OBJC_ROOT_CLASS = YES_ERROR;
				CLANG_WARN_QUOTED_INCLUDE_IN_FRAMEWORK_HEADER = YES;
				CLANG_WARN_RANGE_LOOP_ANALYSIS = YES;
				CLANG_WARN_STRICT_PROTOTYPES = YES;
				CLANG_WARN_SUSPICIOUS_MOVE = YES;
				CLANG_WARN_UNGUARDED_AVAILABILITY = YES_AGGRESSIVE;
				CLANG_WARN_UNREACHABLE_CODE = YES;
				CLANG_WARN__DUPLICATE_METHOD_MATCH = YES;
				COPY_PHASE_STRIP = NO;
				DEBUG_INFORMATION_FORMAT = "dwarf-with-dsym";
				ENABLE_NS_ASSERTIONS = NO;
				ENABLE_STRICT_OBJC_MSGSEND = YES;
				GCC_C_LANGUAGE_STANDARD = gnu11;
				GCC_NO_COMMON_BLOCKS = YES;
				GCC_WARN_64_TO_32_BIT_CONVERSION = YES;
				GCC_WARN_ABOUT_RETURN_TYPE = YES_ERROR;
				GCC_WARN_UNDECLARED_SELECTOR = YES;
				GCC_WARN_UNINITIALIZED_AUTOS = YES_AGGRESSIVE;
				GCC_WARN_UNUSED_FUNCTION = YES;
				GCC_WARN_UNUSED_VARIABLE = YES;
				IPHONEOS_DEPLOYMENT_TARGET = 16.2;
				MTL_ENABLE_DEBUG_INFO = NO;
				MTL_FAST_MATH = YES;
				SDKROOT = iphoneos;
				SWIFT_COMPILATION_MODE = wholemodule;
				SWIFT_OPTIMIZATION_LEVEL = "-O";
				VALIDATE_PRODUCT = YES;
			};
			name = Release;
		};
		38D81B4F299C080E00D1741A /* Debug */ = {
			isa = XCBuildConfiguration;
			baseConfigurationReference = B1FC64C8BDF0381FCADE2C7C /* Pods-AppAlcool-Gasolina.debug.xcconfig */;
			buildSettings = {
				ASSETCATALOG_COMPILER_APPICON_NAME = AppIcon;
				ASSETCATALOG_COMPILER_GLOBAL_ACCENT_COLOR_NAME = AccentColor;
				CODE_SIGN_STYLE = Automatic;
				CURRENT_PROJECT_VERSION = 1;
				DEVELOPMENT_TEAM = B4R97N34U3;
				GENERATE_INFOPLIST_FILE = YES;
				INFOPLIST_FILE = "AppAlcool-Gasolina/Info.plist";
				INFOPLIST_KEY_UIApplicationSupportsIndirectInputEvents = YES;
				INFOPLIST_KEY_UILaunchStoryboardName = LaunchScreen;
				INFOPLIST_KEY_UIMainStoryboardFile = "";
				INFOPLIST_KEY_UISupportedInterfaceOrientations_iPad = "UIInterfaceOrientationPortrait UIInterfaceOrientationPortraitUpsideDown UIInterfaceOrientationLandscapeLeft UIInterfaceOrientationLandscapeRight";
				INFOPLIST_KEY_UISupportedInterfaceOrientations_iPhone = "UIInterfaceOrientationPortrait UIInterfaceOrientationLandscapeLeft UIInterfaceOrientationLandscapeRight";
				IPHONEOS_DEPLOYMENT_TARGET = 13.0;
				LD_RUNPATH_SEARCH_PATHS = (
					"$(inherited)",
					"@executable_path/Frameworks",
				);
				MARKETING_VERSION = 1.0;
				PRODUCT_BUNDLE_IDENTIFIER = "com.a1.AppAlcool-Gasolina";
				PRODUCT_NAME = "$(TARGET_NAME)";
				SUPPORTED_PLATFORMS = "iphoneos iphonesimulator";
				SUPPORTS_MACCATALYST = NO;
				SUPPORTS_MAC_DESIGNED_FOR_IPHONE_IPAD = NO;
				SWIFT_EMIT_LOC_STRINGS = YES;
				SWIFT_VERSION = 5.0;
				TARGETED_DEVICE_FAMILY = 1;
			};
			name = Debug;
		};
		38D81B50299C080E00D1741A /* Release */ = {
			isa = XCBuildConfiguration;
			baseConfigurationReference = CF10B350AD90D38B1FACC2D0 /* Pods-AppAlcool-Gasolina.release.xcconfig */;
			buildSettings = {
				ASSETCATALOG_COMPILER_APPICON_NAME = AppIcon;
				ASSETCATALOG_COMPILER_GLOBAL_ACCENT_COLOR_NAME = AccentColor;
				CODE_SIGN_STYLE = Automatic;
				CURRENT_PROJECT_VERSION = 1;
				DEVELOPMENT_TEAM = B4R97N34U3;
				GENERATE_INFOPLIST_FILE = YES;
				INFOPLIST_FILE = "AppAlcool-Gasolina/Info.plist";
				INFOPLIST_KEY_UIApplicationSupportsIndirectInputEvents = YES;
				INFOPLIST_KEY_UILaunchStoryboardName = LaunchScreen;
				INFOPLIST_KEY_UIMainStoryboardFile = "";
				INFOPLIST_KEY_UISupportedInterfaceOrientations_iPad = "UIInterfaceOrientationPortrait UIInterfaceOrientationPortraitUpsideDown UIInterfaceOrientationLandscapeLeft UIInterfaceOrientationLandscapeRight";
				INFOPLIST_KEY_UISupportedInterfaceOrientations_iPhone = "UIInterfaceOrientationPortrait UIInterfaceOrientationLandscapeLeft UIInterfaceOrientationLandscapeRight";
				IPHONEOS_DEPLOYMENT_TARGET = 13.0;
				LD_RUNPATH_SEARCH_PATHS = (
					"$(inherited)",
					"@executable_path/Frameworks",
				);
				MARKETING_VERSION = 1.0;
				PRODUCT_BUNDLE_IDENTIFIER = "com.a1.AppAlcool-Gasolina";
				PRODUCT_NAME = "$(TARGET_NAME)";
				SUPPORTED_PLATFORMS = "iphoneos iphonesimulator";
				SUPPORTS_MACCATALYST = NO;
				SUPPORTS_MAC_DESIGNED_FOR_IPHONE_IPAD = NO;
				SWIFT_EMIT_LOC_STRINGS = YES;
				SWIFT_VERSION = 5.0;
				TARGETED_DEVICE_FAMILY = 1;
			};
			name = Release;
		};
/* End XCBuildConfiguration section */

/* Begin XCConfigurationList section */
		38D81B35299C080C00D1741A /* Build configuration list for PBXProject "AppAlcool-Gasolina" */ = {
			isa = XCConfigurationList;
			buildConfigurations = (
				38D81B4C299C080E00D1741A /* Debug */,
				38D81B4D299C080E00D1741A /* Release */,
			);
			defaultConfigurationIsVisible = 0;
			defaultConfigurationName = Release;
		};
		38D81B4E299C080E00D1741A /* Build configuration list for PBXNativeTarget "AppAlcool-Gasolina" */ = {
			isa = XCConfigurationList;
			buildConfigurations = (
				38D81B4F299C080E00D1741A /* Debug */,
				38D81B50299C080E00D1741A /* Release */,
			);
			defaultConfigurationIsVisible = 0;
			defaultConfigurationName = Release;
		};
/* End XCConfigurationList section */
	};
	rootObject = 38D81B32299C080C00D1741A /* Project object */;
}
